
Microsoft Visual Studio Solution File, Format Version 12.00
# Visual Studio Version 17
VisualStudioVersion = 17.0.31903.59
MinimumVisualStudioVersion = 10.0.40219.1
Project("{2150E333-8FDC-42A3-9474-1A3956D46DE8}") = "src", "src", "{827E0CD3-B72D-47B6-A68D-7590B98EB39B}"
EndProject
Project("{FAE04EC0-301F-11D3-BF4B-00C04F79EFBC}") = "BetterTranslator.Core", "src\BetterTranslator.Core\BetterTranslator.Core.csproj", "{757FCA4B-2176-465F-A6CD-63480A218C19}"
EndProject
Project("{FAE04EC0-301F-11D3-BF4B-00C04F79EFBC}") = "BetterTranslator.Indexing", "src\BetterTranslator.Indexing\BetterTranslator.Indexing.csproj", "{78172764-7942-446A-8571-6DDC2BE6CEE9}"
EndProject
Project("{FAE04EC0-301F-11D3-BF4B-00C04F79EFBC}") = "BetterTranslator.Runtime", "src\BetterTranslator.Runtime\BetterTranslator.Runtime.csproj", "{B3B57850-BA1F-4CC1-803B-E061D7638469}"
EndProject
Project("{FAE04EC0-301F-11D3-BF4B-00C04F79EFBC}") = "BetterTranslator.Map", "src\BetterTranslator.Map\BetterTranslator.Map.csproj", "{C30A0C93-3BF3-445F-9749-E7DD9FE027EE}"
EndProject
Project("{FAE04EC0-301F-11D3-BF4B-00C04F79EFBC}") = "BetterTranslator.App", "src\BetterTranslator.App\BetterTranslator.App.csproj", "{AD56EAEA-9F1F-4D6C-A478-B23D174F3FA9}"
EndProject
Project("{2150E333-8FDC-42A3-9474-1A3956D46DE8}") = "tests", "tests", "{0AB3BF05-4346-4AA6-1389-037BE0695223}"
EndProject
Project("{FAE04EC0-301F-11D3-BF4B-00C04F79EFBC}") = "BetterTranslator.Tests", "tests\BetterTranslator.Tests\BetterTranslator.Tests.csproj", "{9F405197-284E-429F-BC58-A192B72D9DD8}"
EndProject
Project("{FAE04EC0-301F-11D3-BF4B-00C04F79EFBC}") = "BetterTranslator.Engine", "src\BetterTranslator.Engine\BetterTranslator.Engine.csproj", "{5BEFF612-2C26-4763-845E-63D2D917AAEF}"
EndProject
Project("{FAE04EC0-301F-11D3-BF4B-00C04F79EFBC}") = "BetterTranslator.Host", "src\BetterTranslator.Host\BetterTranslator.Host.csproj", "{1D2C1FAD-97A1-4B96-8A78-E558C2421DE8}"
EndProject
Project("{FAE04EC0-301F-11D3-BF4B-00C04F79EFBC}") = "BetterTranslator.Cli", "src\BetterTranslator.Cli\BetterTranslator.Cli.csproj", "{D0D40960-0FF5-495C-BD6D-41C884232C3E}"
EndProject
Project("{FAE04EC0-301F-11D3-BF4B-00C04F79EFBC}") = "BetterTranslator.Updates", "src\BetterTranslator.Updates\BetterTranslator.Updates.csproj", "{7A1C4E52-9D3B-4A08-9C2F-2B1E5D6A7C31}"
EndProject
Project("{FAE04EC0-301F-11D3-BF4B-00C04F79EFBC}") = "BetterTranslator.UpdateService", "src\BetterTranslator.UpdateService\BetterTranslator.UpdateService.csproj", "{3F8B2D14-6C57-4E9A-B0D3-8E1A47C95B62}"
EndProject
Project("{2150E333-8FDC-42A3-9474-1A3956D46DE8}") = "build", "build", "{DEE5DD87-39C1-BF34-B639-A387DCCF972B}"
EndProject
Project("{FAE04EC0-301F-11D3-BF4B-00C04F79EFBC}") = "BetterTranslator.SingleFile", "build\BetterTranslator.SingleFile.csproj", "{EF6771B0-839B-47B4-BDA1-DB40D03F74AB}"
EndProject
Project("{2150E333-8FDC-42A3-9474-1A3956D46DE8}") = "tools", "tools", "{07C2787E-EAC7-C090-1BA3-A61EC2A24D84}"
EndProject
Project("{FAE04EC0-301F-11D3-BF4B-00C04F79EFBC}") = "BetterTranslator.Packer", "tools\BetterTranslator.Packer\BetterTranslator.Packer.csproj", "{B213D2D2-A0D9-45F0-A1D2-6D03E4388446}"
EndProject
Global
	GlobalSection(SolutionConfigurationPlatforms) = preSolution
		Debug|Any CPU = Debug|Any CPU
		Debug|x64 = Debug|x64
		Debug|x86 = Debug|x86
		Release|Any CPU = Release|Any CPU
		Release|x64 = Release|x64
		Release|x86 = Release|x86
		SingleFile|Any CPU = SingleFile|Any CPU
		SingleFile|x64 = SingleFile|x64
		SingleFile|x86 = SingleFile|x86
	EndGlobalSection
	GlobalSection(ProjectConfigurationPlatforms) = postSolution
		{757FCA4B-2176-465F-A6CD-63480A218C19}.Debug|Any CPU.ActiveCfg = Debug|Any CPU
		{757FCA4B-2176-465F-A6CD-63480A218C19}.Debug|Any CPU.Build.0 = Debug|Any CPU
		{757FCA4B-2176-465F-A6CD-63480A218C19}.Debug|x64.ActiveCfg = Debug|Any CPU
		{757FCA4B-2176-465F-A6CD-63480A218C19}.Debug|x64.Build.0 = Debug|Any CPU
		{757FCA4B-2176-465F-A6CD-63480A218C19}.Debug|x86.ActiveCfg = Debug|Any CPU
		{757FCA4B-2176-465F-A6CD-63480A218C19}.Debug|x86.Build.0 = Debug|Any CPU
		{757FCA4B-2176-465F-A6CD-63480A218C19}.Release|Any CPU.ActiveCfg = Release|Any CPU
		{757FCA4B-2176-465F-A6CD-63480A218C19}.Release|Any CPU.Build.0 = Release|Any CPU
		{757FCA4B-2176-465F-A6CD-63480A218C19}.Release|x64.ActiveCfg = Release|Any CPU
		{757FCA4B-2176-465F-A6CD-63480A218C19}.Release|x64.Build.0 = Release|Any CPU
		{757FCA4B-2176-465F-A6CD-63480A218C19}.Release|x86.ActiveCfg = Release|Any CPU
		{757FCA4B-2176-465F-A6CD-63480A218C19}.Release|x86.Build.0 = Release|Any CPU
		{757FCA4B-2176-465F-A6CD-63480A218C19}.SingleFile|Any CPU.ActiveCfg = Release|Any CPU
		{757FCA4B-2176-465F-A6CD-63480A218C19}.SingleFile|x64.ActiveCfg = Release|Any CPU
		{757FCA4B-2176-465F-A6CD-63480A218C19}.SingleFile|x86.ActiveCfg = Release|Any CPU
		{78172764-7942-446A-8571-6DDC2BE6CEE9}.Debug|Any CPU.ActiveCfg = Debug|Any CPU
		{78172764-7942-446A-8571-6DDC2BE6CEE9}.Debug|Any CPU.Build.0 = Debug|Any CPU
		{78172764-7942-446A-8571-6DDC2BE6CEE9}.Debug|x64.ActiveCfg = Debug|Any CPU
		{78172764-7942-446A-8571-6DDC2BE6CEE9}.Debug|x64.Build.0 = Debug|Any CPU
		{78172764-7942-446A-8571-6DDC2BE6CEE9}.Debug|x86.ActiveCfg = Debug|Any CPU
		{78172764-7942-446A-8571-6DDC2BE6CEE9}.Debug|x86.Build.0 = Debug|Any CPU
		{78172764-7942-446A-8571-6DDC2BE6CEE9}.Release|Any CPU.ActiveCfg = Release|Any CPU
		{78172764-7942-446A-8571-6DDC2BE6CEE9}.Release|Any CPU.Build.0 = Release|Any CPU
		{78172764-7942-446A-8571-6DDC2BE6CEE9}.Release|x64.ActiveCfg = Release|Any CPU
		{78172764-7942-446A-8571-6DDC2BE6CEE9}.Release|x64.Build.0 = Release|Any CPU
		{78172764-7942-446A-8571-6DDC2BE6CEE9}.Release|x86.ActiveCfg = Release|Any CPU
		{78172764-7942-446A-8571-6DDC2BE6CEE9}.Release|x86.Build.0 = Release|Any CPU
		{78172764-7942-446A-8571-6DDC2BE6CEE9}.SingleFile|Any CPU.ActiveCfg = Release|Any CPU
		{78172764-7942-446A-8571-6DDC2BE6CEE9}.SingleFile|x64.ActiveCfg = Release|Any CPU
		{78172764-7942-446A-8571-6DDC2BE6CEE9}.SingleFile|x86.ActiveCfg = Release|Any CPU
		{B3B57850-BA1F-4CC1-803B-E061D7638469}.Debug|Any CPU.ActiveCfg = Debug|Any CPU
		{B3B57850-BA1F-4CC1-803B-E061D7638469}.Debug|Any CPU.Build.0 = Debug|Any CPU
		{B3B57850-BA1F-4CC1-803B-E061D7638469}.Debug|x64.ActiveCfg = Debug|Any CPU
		{B3B57850-BA1F-4CC1-803B-E061D7638469}.Debug|x64.Build.0 = Debug|Any CPU
		{B3B57850-BA1F-4CC1-803B-E061D7638469}.Debug|x86.ActiveCfg = Debug|Any CPU
		{B3B57850-BA1F-4CC1-803B-E061D7638469}.Debug|x86.Build.0 = Debug|Any CPU
		{B3B57850-BA1F-4CC1-803B-E061D7638469}.Release|Any CPU.ActiveCfg = Release|Any CPU
		{B3B57850-BA1F-4CC1-803B-E061D7638469}.Release|Any CPU.Build.0 = Release|Any CPU
		{B3B57850-BA1F-4CC1-803B-E061D7638469}.Release|x64.ActiveCfg = Release|Any CPU
		{B3B57850-BA1F-4CC1-803B-E061D7638469}.Release|x64.Build.0 = Release|Any CPU
		{B3B57850-BA1F-4CC1-803B-E061D7638469}.Release|x86.ActiveCfg = Release|Any CPU
		{B3B57850-BA1F-4CC1-803B-E061D7638469}.Release|x86.Build.0 = Release|Any CPU
		{B3B57850-BA1F-4CC1-803B-E061D7638469}.SingleFile|Any CPU.ActiveCfg = Release|Any CPU
		{B3B57850-BA1F-4CC1-803B-E061D7638469}.SingleFile|x64.ActiveCfg = Release|Any CPU
		{B3B57850-BA1F-4CC1-803B-E061D7638469}.SingleFile|x86.ActiveCfg = Release|Any CPU
		{C30A0C93-3BF3-445F-9749-E7DD9FE027EE}.Debug|Any CPU.ActiveCfg = Debug|Any CPU
		{C30A0C93-3BF3-445F-9749-E7DD9FE027EE}.Debug|Any CPU.Build.0 = Debug|Any CPU
		{C30A0C93-3BF3-445F-9749-E7DD9FE027EE}.Debug|x64.ActiveCfg = Debug|Any CPU
		{C30A0C93-3BF3-445F-9749-E7DD9FE027EE}.Debug|x64.Build.0 = Debug|Any CPU
		{C30A0C93-3BF3-445F-9749-E7DD9FE027EE}.Debug|x86.ActiveCfg = Debug|Any CPU
		{C30A0C93-3BF3-445F-9749-E7DD9FE027EE}.Debug|x86.Build.0 = Debug|Any CPU
		{C30A0C93-3BF3-445F-9749-E7DD9FE027EE}.Release|Any CPU.ActiveCfg = Release|Any CPU
		{C30A0C93-3BF3-445F-9749-E7DD9FE027EE}.Release|Any CPU.Build.0 = Release|Any CPU
		{C30A0C93-3BF3-445F-9749-E7DD9FE027EE}.Release|x64.ActiveCfg = Release|Any CPU
		{C30A0C93-3BF3-445F-9749-E7DD9FE027EE}.Release|x64.Build.0 = Release|Any CPU
		{C30A0C93-3BF3-445F-9749-E7DD9FE027EE}.Release|x86.ActiveCfg = Release|Any CPU
		{C30A0C93-3BF3-445F-9749-E7DD9FE027EE}.Release|x86.Build.0 = Release|Any CPU
		{C30A0C93-3BF3-445F-9749-E7DD9FE027EE}.SingleFile|Any CPU.ActiveCfg = Release|Any CPU
		{C30A0C93-3BF3-445F-9749-E7DD9FE027EE}.SingleFile|x64.ActiveCfg = Release|Any CPU
		{C30A0C93-3BF3-445F-9749-E7DD9FE027EE}.SingleFile|x86.ActiveCfg = Release|Any CPU
		{AD56EAEA-9F1F-4D6C-A478-B23D174F3FA9}.Debug|Any CPU.ActiveCfg = Debug|Any CPU
		{AD56EAEA-9F1F-4D6C-A478-B23D174F3FA9}.Debug|Any CPU.Build.0 = Debug|Any CPU
		{AD56EAEA-9F1F-4D6C-A478-B23D174F3FA9}.Debug|x64.ActiveCfg = Debug|Any CPU
		{AD56EAEA-9F1F-4D6C-A478-B23D174F3FA9}.Debug|x64.Build.0 = Debug|Any CPU
		{AD56EAEA-9F1F-4D6C-A478-B23D174F3FA9}.Debug|x86.ActiveCfg = Debug|Any CPU
		{AD56EAEA-9F1F-4D6C-A478-B23D174F3FA9}.Debug|x86.Build.0 = Debug|Any CPU
		{AD56EAEA-9F1F-4D6C-A478-B23D174F3FA9}.Release|Any CPU.ActiveCfg = Release|Any CPU
		{AD56EAEA-9F1F-4D6C-A478-B23D174F3FA9}.Release|Any CPU.Build.0 = Release|Any CPU
		{AD56EAEA-9F1F-4D6C-A478-B23D174F3FA9}.Release|x64.ActiveCfg = Release|Any CPU
		{AD56EAEA-9F1F-4D6C-A478-B23D174F3FA9}.Release|x64.Build.0 = Release|Any CPU
		{AD56EAEA-9F1F-4D6C-A478-B23D174F3FA9}.Release|x86.ActiveCfg = Release|Any CPU
		{AD56EAEA-9F1F-4D6C-A478-B23D174F3FA9}.Release|x86.Build.0 = Release|Any CPU
		{AD56EAEA-9F1F-4D6C-A478-B23D174F3FA9}.SingleFile|Any CPU.ActiveCfg = Release|Any CPU
		{AD56EAEA-9F1F-4D6C-A478-B23D174F3FA9}.SingleFile|x64.ActiveCfg = Release|Any CPU
		{AD56EAEA-9F1F-4D6C-A478-B23D174F3FA9}.SingleFile|x86.ActiveCfg = Release|Any CPU
		{9F405197-284E-429F-BC58-A192B72D9DD8}.Debug|Any CPU.ActiveCfg = Debug|Any CPU
		{9F405197-284E-429F-BC58-A192B72D9DD8}.Debug|Any CPU.Build.0 = Debug|Any CPU
		{9F405197-284E-429F-BC58-A192B72D9DD8}.Debug|x64.ActiveCfg = Debug|Any CPU
		{9F405197-284E-429F-BC58-A192B72D9DD8}.Debug|x64.Build.0 = Debug|Any CPU
		{9F405197-284E-429F-BC58-A192B72D9DD8}.Debug|x86.ActiveCfg = Debug|Any CPU
		{9F405197-284E-429F-BC58-A192B72D9DD8}.Debug|x86.Build.0 = Debug|Any CPU
		{9F405197-284E-429F-BC58-A192B72D9DD8}.Release|Any CPU.ActiveCfg = Release|Any CPU
		{9F405197-284E-429F-BC58-A192B72D9DD8}.Release|Any CPU.Build.0 = Release|Any CPU
		{9F405197-284E-429F-BC58-A192B72D9DD8}.Release|x64.ActiveCfg = Release|Any CPU
		{9F405197-284E-429F-BC58-A192B72D9DD8}.Release|x64.Build.0 = Release|Any CPU
		{9F405197-284E-429F-BC58-A192B72D9DD8}.Release|x86.ActiveCfg = Release|Any CPU
		{9F405197-284E-429F-BC58-A192B72D9DD8}.Release|x86.Build.0 = Release|Any CPU
		{9F405197-284E-429F-BC58-A192B72D9DD8}.SingleFile|Any CPU.ActiveCfg = Release|Any CPU
		{9F405197-284E-429F-BC58-A192B72D9DD8}.SingleFile|x64.ActiveCfg = Release|Any CPU
		{9F405197-284E-429F-BC58-A192B72D9DD8}.SingleFile|x86.ActiveCfg = Release|Any CPU
		{5BEFF612-2C26-4763-845E-63D2D917AAEF}.Debug|Any CPU.ActiveCfg = Debug|Any CPU
		{5BEFF612-2C26-4763-845E-63D2D917AAEF}.Debug|Any CPU.Build.0 = Debug|Any CPU
		{5BEFF612-2C26-4763-845E-63D2D917AAEF}.Debug|x64.ActiveCfg = Debug|Any CPU
		{5BEFF612-2C26-4763-845E-63D2D917AAEF}.Debug|x64.Build.0 = Debug|Any CPU
		{5BEFF612-2C26-4763-845E-63D2D917AAEF}.Debug|x86.ActiveCfg = Debug|Any CPU
		{5BEFF612-2C26-4763-845E-63D2D917AAEF}.Debug|x86.Build.0 = Debug|Any CPU
		{5BEFF612-2C26-4763-845E-63D2D917AAEF}.Release|Any CPU.ActiveCfg = Release|Any CPU
		{5BEFF612-2C26-4763-845E-63D2D917AAEF}.Release|Any CPU.Build.0 = Release|Any CPU
		{5BEFF612-2C26-4763-845E-63D2D917AAEF}.Release|x64.ActiveCfg = Release|Any CPU
		{5BEFF612-2C26-4763-845E-63D2D917AAEF}.Release|x64.Build.0 = Release|Any CPU
		{5BEFF612-2C26-4763-845E-63D2D917AAEF}.Release|x86.ActiveCfg = Release|Any CPU
		{5BEFF612-2C26-4763-845E-63D2D917AAEF}.Release|x86.Build.0 = Release|Any CPU
		{5BEFF612-2C26-4763-845E-63D2D917AAEF}.SingleFile|Any CPU.ActiveCfg = Release|Any CPU
		{5BEFF612-2C26-4763-845E-63D2D917AAEF}.SingleFile|x64.ActiveCfg = Release|Any CPU
		{5BEFF612-2C26-4763-845E-63D2D917AAEF}.SingleFile|x86.ActiveCfg = Release|Any CPU
		{1D2C1FAD-97A1-4B96-8A78-E558C2421DE8}.Debug|Any CPU.ActiveCfg = Debug|Any CPU
		{1D2C1FAD-97A1-4B96-8A78-E558C2421DE8}.Debug|Any CPU.Build.0 = Debug|Any CPU
		{1D2C1FAD-97A1-4B96-8A78-E558C2421DE8}.Debug|x64.ActiveCfg = Debug|Any CPU
		{1D2C1FAD-97A1-4B96-8A78-E558C2421DE8}.Debug|x64.Build.0 = Debug|Any CPU
		{1D2C1FAD-97A1-4B96-8A78-E558C2421DE8}.Debug|x86.ActiveCfg = Debug|Any CPU
		{1D2C1FAD-97A1-4B96-8A78-E558C2421DE8}.Debug|x86.Build.0 = Debug|Any CPU
		{1D2C1FAD-97A1-4B96-8A78-E558C2421DE8}.Release|Any CPU.ActiveCfg = Release|Any CPU
		{1D2C1FAD-97A1-4B96-8A78-E558C2421DE8}.Release|Any CPU.Build.0 = Release|Any CPU
		{1D2C1FAD-97A1-4B96-8A78-E558C2421DE8}.Release|x64.ActiveCfg = Release|Any CPU
		{1D2C1FAD-97A1-4B96-8A78-E558C2421DE8}.Release|x64.Build.0 = Release|Any CPU
		{1D2C1FAD-97A1-4B96-8A78-E558C2421DE8}.Release|x86.ActiveCfg = Release|Any CPU
		{1D2C1FAD-97A1-4B96-8A78-E558C2421DE8}.Release|x86.Build.0 = Release|Any CPU
		{1D2C1FAD-97A1-4B96-8A78-E558C2421DE8}.SingleFile|Any CPU.ActiveCfg = Release|Any CPU
		{1D2C1FAD-97A1-4B96-8A78-E558C2421DE8}.SingleFile|x64.ActiveCfg = Release|Any CPU
		{1D2C1FAD-97A1-4B96-8A78-E558C2421DE8}.SingleFile|x86.ActiveCfg = Release|Any CPU
		{D0D40960-0FF5-495C-BD6D-41C884232C3E}.Debug|Any CPU.ActiveCfg = Debug|Any CPU
		{D0D40960-0FF5-495C-BD6D-41C884232C3E}.Debug|Any CPU.Build.0 = Debug|Any CPU
		{D0D40960-0FF5-495C-BD6D-41C884232C3E}.Debug|x64.ActiveCfg = Debug|Any CPU
		{D0D40960-0FF5-495C-BD6D-41C884232C3E}.Debug|x64.Build.0 = Debug|Any CPU
		{D0D40960-0FF5-495C-BD6D-41C884232C3E}.Debug|x86.ActiveCfg = Debug|Any CPU
		{D0D40960-0FF5-495C-BD6D-41C884232C3E}.Debug|x86.Build.0 = Debug|Any CPU
		{D0D40960-0FF5-495C-BD6D-41C884232C3E}.Release|Any CPU.ActiveCfg = Release|Any CPU
		{D0D40960-0FF5-495C-BD6D-41C884232C3E}.Release|Any CPU.Build.0 = Release|Any CPU
		{D0D40960-0FF5-495C-BD6D-41C884232C3E}.Release|x64.ActiveCfg = Release|Any CPU
		{D0D40960-0FF5-495C-BD6D-41C884232C3E}.Release|x64.Build.0 = Release|Any CPU
		{D0D40960-0FF5-495C-BD6D-41C884232C3E}.Release|x86.ActiveCfg = Release|Any CPU
		{D0D40960-0FF5-495C-BD6D-41C884232C3E}.Release|x86.Build.0 = Release|Any CPU
		{D0D40960-0FF5-495C-BD6D-41C884232C3E}.SingleFile|Any CPU.ActiveCfg = Release|Any CPU
		{D0D40960-0FF5-495C-BD6D-41C884232C3E}.SingleFile|x64.ActiveCfg = Release|Any CPU
		{D0D40960-0FF5-495C-BD6D-41C884232C3E}.SingleFile|x86.ActiveCfg = Release|Any CPU
		{EF6771B0-839B-47B4-BDA1-DB40D03F74AB}.Debug|Any CPU.ActiveCfg = Debug|Any CPU
		{EF6771B0-839B-47B4-BDA1-DB40D03F74AB}.Debug|x64.ActiveCfg = Debug|Any CPU
		{EF6771B0-839B-47B4-BDA1-DB40D03F74AB}.Debug|x86.ActiveCfg = Debug|Any CPU
		{EF6771B0-839B-47B4-BDA1-DB40D03F74AB}.Release|Any CPU.ActiveCfg = Release|Any CPU
		{EF6771B0-839B-47B4-BDA1-DB40D03F74AB}.Release|x64.ActiveCfg = Release|Any CPU
		{EF6771B0-839B-47B4-BDA1-DB40D03F74AB}.Release|x86.ActiveCfg = Release|Any CPU
		{EF6771B0-839B-47B4-BDA1-DB40D03F74AB}.SingleFile|Any CPU.ActiveCfg = SingleFile|Any CPU
		{EF6771B0-839B-47B4-BDA1-DB40D03F74AB}.SingleFile|Any CPU.Build.0 = SingleFile|Any CPU
		{EF6771B0-839B-47B4-BDA1-DB40D03F74AB}.SingleFile|x64.ActiveCfg = SingleFile|Any CPU
		{EF6771B0-839B-47B4-BDA1-DB40D03F74AB}.SingleFile|x64.Build.0 = SingleFile|Any CPU
		{EF6771B0-839B-47B4-BDA1-DB40D03F74AB}.SingleFile|x86.ActiveCfg = SingleFile|Any CPU
		{EF6771B0-839B-47B4-BDA1-DB40D03F74AB}.SingleFile|x86.Build.0 = SingleFile|Any CPU
		{7A1C4E52-9D3B-4A08-9C2F-2B1E5D6A7C31}.Debug|Any CPU.ActiveCfg = Debug|Any CPU
		{7A1C4E52-9D3B-4A08-9C2F-2B1E5D6A7C31}.Debug|Any CPU.Build.0 = Debug|Any CPU
		{7A1C4E52-9D3B-4A08-9C2F-2B1E5D6A7C31}.Debug|x64.ActiveCfg = Debug|Any CPU
		{7A1C4E52-9D3B-4A08-9C2F-2B1E5D6A7C31}.Debug|x64.Build.0 = Debug|Any CPU
		{7A1C4E52-9D3B-4A08-9C2F-2B1E5D6A7C31}.Debug|x86.ActiveCfg = Debug|Any CPU
		{7A1C4E52-9D3B-4A08-9C2F-2B1E5D6A7C31}.Debug|x86.Build.0 = Debug|Any CPU
		{7A1C4E52-9D3B-4A08-9C2F-2B1E5D6A7C31}.Release|Any CPU.ActiveCfg = Release|Any CPU
		{7A1C4E52-9D3B-4A08-9C2F-2B1E5D6A7C31}.Release|Any CPU.Build.0 = Release|Any CPU
		{7A1C4E52-9D3B-4A08-9C2F-2B1E5D6A7C31}.Release|x64.ActiveCfg = Release|Any CPU
		{7A1C4E52-9D3B-4A08-9C2F-2B1E5D6A7C31}.Release|x64.Build.0 = Release|Any CPU
		{7A1C4E52-9D3B-4A08-9C2F-2B1E5D6A7C31}.Release|x86.ActiveCfg = Release|Any CPU
		{7A1C4E52-9D3B-4A08-9C2F-2B1E5D6A7C31}.Release|x86.Build.0 = Release|Any CPU
		{7A1C4E52-9D3B-4A08-9C2F-2B1E5D6A7C31}.SingleFile|Any CPU.ActiveCfg = Release|Any CPU
		{7A1C4E52-9D3B-4A08-9C2F-2B1E5D6A7C31}.SingleFile|x64.ActiveCfg = Release|Any CPU
		{7A1C4E52-9D3B-4A08-9C2F-2B1E5D6A7C31}.SingleFile|x86.ActiveCfg = Release|Any CPU
		{3F8B2D14-6C57-4E9A-B0D3-8E1A47C95B62}.Debug|Any CPU.ActiveCfg = Debug|Any CPU
		{3F8B2D14-6C57-4E9A-B0D3-8E1A47C95B62}.Debug|Any CPU.Build.0 = Debug|Any CPU
		{3F8B2D14-6C57-4E9A-B0D3-8E1A47C95B62}.Debug|x64.ActiveCfg = Debug|Any CPU
		{3F8B2D14-6C57-4E9A-B0D3-8E1A47C95B62}.Debug|x64.Build.0 = Debug|Any CPU
		{3F8B2D14-6C57-4E9A-B0D3-8E1A47C95B62}.Debug|x86.ActiveCfg = Debug|Any CPU
		{3F8B2D14-6C57-4E9A-B0D3-8E1A47C95B62}.Debug|x86.Build.0 = Debug|Any CPU
		{3F8B2D14-6C57-4E9A-B0D3-8E1A47C95B62}.Release|Any CPU.ActiveCfg = Release|Any CPU
		{3F8B2D14-6C57-4E9A-B0D3-8E1A47C95B62}.Release|Any CPU.Build.0 = Release|Any CPU
		{3F8B2D14-6C57-4E9A-B0D3-8E1A47C95B62}.Release|x64.ActiveCfg = Release|Any CPU
		{3F8B2D14-6C57-4E9A-B0D3-8E1A47C95B62}.Release|x64.Build.0 = Release|Any CPU
		{3F8B2D14-6C57-4E9A-B0D3-8E1A47C95B62}.Release|x86.ActiveCfg = Release|Any CPU
		{3F8B2D14-6C57-4E9A-B0D3-8E1A47C95B62}.Release|x86.Build.0 = Release|Any CPU
		{3F8B2D14-6C57-4E9A-B0D3-8E1A47C95B62}.SingleFile|Any CPU.ActiveCfg = Release|Any CPU
		{3F8B2D14-6C57-4E9A-B0D3-8E1A47C95B62}.SingleFile|x64.ActiveCfg = Release|Any CPU
		{3F8B2D14-6C57-4E9A-B0D3-8E1A47C95B62}.SingleFile|x86.ActiveCfg = Release|Any CPU
		{B213D2D2-A0D9-45F0-A1D2-6D03E4388446}.Debug|Any CPU.ActiveCfg = Debug|Any CPU
		{B213D2D2-A0D9-45F0-A1D2-6D03E4388446}.Debug|Any CPU.Build.0 = Debug|Any CPU
		{B213D2D2-A0D9-45F0-A1D2-6D03E4388446}.Debug|x64.ActiveCfg = Debug|Any CPU
		{B213D2D2-A0D9-45F0-A1D2-6D03E4388446}.Debug|x64.Build.0 = Debug|Any CPU
		{B213D2D2-A0D9-45F0-A1D2-6D03E4388446}.Debug|x86.ActiveCfg = Debug|Any CPU
		{B213D2D2-A0D9-45F0-A1D2-6D03E4388446}.Debug|x86.Build.0 = Debug|Any CPU
		{B213D2D2-A0D9-45F0-A1D2-6D03E4388446}.Release|Any CPU.ActiveCfg = Release|Any CPU
		{B213D2D2-A0D9-45F0-A1D2-6D03E4388446}.Release|Any CPU.Build.0 = Release|Any CPU
		{B213D2D2-A0D9-45F0-A1D2-6D03E4388446}.Release|x64.ActiveCfg = Release|Any CPU
		{B213D2D2-A0D9-45F0-A1D2-6D03E4388446}.Release|x64.Build.0 = Release|Any CPU
		{B213D2D2-A0D9-45F0-A1D2-6D03E4388446}.Release|x86.ActiveCfg = Release|Any CPU
		{B213D2D2-A0D9-45F0-A1D2-6D03E4388446}.Release|x86.Build.0 = Release|Any CPU
		{B213D2D2-A0D9-45F0-A1D2-6D03E4388446}.SingleFile|Any CPU.ActiveCfg = Release|Any CPU
		{B213D2D2-A0D9-45F0-A1D2-6D03E4388446}.SingleFile|x64.ActiveCfg = Release|Any CPU
		{B213D2D2-A0D9-45F0-A1D2-6D03E4388446}.SingleFile|x86.ActiveCfg = Release|Any CPU
	EndGlobalSection
	GlobalSection(SolutionProperties) = preSolution
		HideSolutionNode = FALSE
	EndGlobalSection
	GlobalSection(NestedProjects) = preSolution
		{757FCA4B-2176-465F-A6CD-63480A218C19} = {827E0CD3-B72D-47B6-A68D-7590B98EB39B}
		{78172764-7942-446A-8571-6DDC2BE6CEE9} = {827E0CD3-B72D-47B6-A68D-7590B98EB39B}
		{B3B57850-BA1F-4CC1-803B-E061D7638469} = {827E0CD3-B72D-47B6-A68D-7590B98EB39B}
		{C30A0C93-3BF3-445F-9749-E7DD9FE027EE} = {827E0CD3-B72D-47B6-A68D-7590B98EB39B}
		{AD56EAEA-9F1F-4D6C-A478-B23D174F3FA9} = {827E0CD3-B72D-47B6-A68D-7590B98EB39B}
		{9F405197-284E-429F-BC58-A192B72D9DD8} = {0AB3BF05-4346-4AA6-1389-037BE0695223}
		{5BEFF612-2C26-4763-845E-63D2D917AAEF} = {827E0CD3-B72D-47B6-A68D-7590B98EB39B}
		{1D2C1FAD-97A1-4B96-8A78-E558C2421DE8} = {827E0CD3-B72D-47B6-A68D-7590B98EB39B}
		{D0D40960-0FF5-495C-BD6D-41C884232C3E} = {827E0CD3-B72D-47B6-A68D-7590B98EB39B}
		{EF6771B0-839B-47B4-BDA1-DB40D03F74AB} = {DEE5DD87-39C1-BF34-B639-A387DCCF972B}
		{7A1C4E52-9D3B-4A08-9C2F-2B1E5D6A7C31} = {827E0CD3-B72D-47B6-A68D-7590B98EB39B}
		{3F8B2D14-6C57-4E9A-B0D3-8E1A47C95B62} = {827E0CD3-B72D-47B6-A68D-7590B98EB39B}
		{B213D2D2-A0D9-45F0-A1D2-6D03E4388446} = {07C2787E-EAC7-C090-1BA3-A61EC2A24D84}
	EndGlobalSection
EndGlobal
