
Microsoft Visual Studio Solution File, Format Version 12.00
# Visual Studio Version 17
VisualStudioVersion = 17.0.31903.59
MinimumVisualStudioVersion = 10.0.40219.1
Project("{2150E333-8FDC-42A3-9474-1A3956D46DE8}") = "proj", "proj", "{E0646F15-01CD-F564-1BA1-3B06AC80F086}"
EndProject
Project("{FAE04EC0-301F-11D3-BF4B-00C04F79EFBC}") = "BetterTranslator.Core.Mirror", "proj\BetterTranslator.Core.Mirror\BetterTranslator.Core.Mirror.csproj", "{09D65436-A09E-49CE-8898-A368B32D1EB8}"
EndProject
Project("{FAE04EC0-301F-11D3-BF4B-00C04F79EFBC}") = "BetterTranslator.Engine.Mirror", "proj\BetterTranslator.Engine.Mirror\BetterTranslator.Engine.Mirror.csproj", "{36758947-0947-415B-AD7C-76C5F17BAB9D}"
EndProject
Project("{FAE04EC0-301F-11D3-BF4B-00C04F79EFBC}") = "BetterTranslator.Indexing.Mirror", "proj\BetterTranslator.Indexing.Mirror\BetterTranslator.Indexing.Mirror.csproj", "{ABE75D88-AF2F-43B3-ABC6-902FFFA206CB}"
EndProject
Project("{FAE04EC0-301F-11D3-BF4B-00C04F79EFBC}") = "BetterTranslator.Runtime.Mirror", "proj\BetterTranslator.Runtime.Mirror\BetterTranslator.Runtime.Mirror.csproj", "{B273097A-7BD9-443C-AB91-6981E222EAE2}"
EndProject
Project("{FAE04EC0-301F-11D3-BF4B-00C04F79EFBC}") = "BetterTranslator.Map.Mirror", "proj\BetterTranslator.Map.Mirror\BetterTranslator.Map.Mirror.csproj", "{BBC7DA35-DF49-4FAE-803F-AC4D1B4CBFD0}"
EndProject
Project("{FAE04EC0-301F-11D3-BF4B-00C04F79EFBC}") = "BetterTranslator.Updates.Mirror", "proj\BetterTranslator.Updates.Mirror\BetterTranslator.Updates.Mirror.csproj", "{EF77142A-207C-405B-8BE9-A0FBDCAD3ACB}"
EndProject
Project("{2150E333-8FDC-42A3-9474-1A3956D46DE8}") = "src", "src", "{827E0CD3-B72D-47B6-A68D-7590B98EB39B}"
EndProject
Project("{FAE04EC0-301F-11D3-BF4B-00C04F79EFBC}") = "BetterTranslator.Mac.Shared", "src\BetterTranslator.Mac.Shared\BetterTranslator.Mac.Shared.csproj", "{041E6CB9-B1B2-4307-B0F6-B0EDE8AF884C}"
EndProject
Project("{FAE04EC0-301F-11D3-BF4B-00C04F79EFBC}") = "BetterTranslator.Mac.Platform", "src\BetterTranslator.Mac.Platform\BetterTranslator.Mac.Platform.csproj", "{9BB40D9B-D4DD-42E9-9F90-B1B5341E199A}"
EndProject
Project("{FAE04EC0-301F-11D3-BF4B-00C04F79EFBC}") = "BetterTranslator.Mac.App", "src\BetterTranslator.Mac.App\BetterTranslator.Mac.App.csproj", "{76319ED3-8B4D-447D-9282-4F1EFD764FC9}"
EndProject
Global
	GlobalSection(SolutionConfigurationPlatforms) = preSolution
		Debug|Any CPU = Debug|Any CPU
		Debug|x64 = Debug|x64
		Debug|x86 = Debug|x86
		Release|Any CPU = Release|Any CPU
		Release|x64 = Release|x64
		Release|x86 = Release|x86
	EndGlobalSection
	GlobalSection(ProjectConfigurationPlatforms) = postSolution
		{09D65436-A09E-49CE-8898-A368B32D1EB8}.Debug|Any CPU.ActiveCfg = Debug|Any CPU
		{09D65436-A09E-49CE-8898-A368B32D1EB8}.Debug|Any CPU.Build.0 = Debug|Any CPU
		{09D65436-A09E-49CE-8898-A368B32D1EB8}.Debug|x64.ActiveCfg = Debug|Any CPU
		{09D65436-A09E-49CE-8898-A368B32D1EB8}.Debug|x64.Build.0 = Debug|Any CPU
		{09D65436-A09E-49CE-8898-A368B32D1EB8}.Debug|x86.ActiveCfg = Debug|Any CPU
		{09D65436-A09E-49CE-8898-A368B32D1EB8}.Debug|x86.Build.0 = Debug|Any CPU
		{09D65436-A09E-49CE-8898-A368B32D1EB8}.Release|Any CPU.ActiveCfg = Release|Any CPU
		{09D65436-A09E-49CE-8898-A368B32D1EB8}.Release|Any CPU.Build.0 = Release|Any CPU
		{09D65436-A09E-49CE-8898-A368B32D1EB8}.Release|x64.ActiveCfg = Release|Any CPU
		{09D65436-A09E-49CE-8898-A368B32D1EB8}.Release|x64.Build.0 = Release|Any CPU
		{09D65436-A09E-49CE-8898-A368B32D1EB8}.Release|x86.ActiveCfg = Release|Any CPU
		{09D65436-A09E-49CE-8898-A368B32D1EB8}.Release|x86.Build.0 = Release|Any CPU
		{36758947-0947-415B-AD7C-76C5F17BAB9D}.Debug|Any CPU.ActiveCfg = Debug|Any CPU
		{36758947-0947-415B-AD7C-76C5F17BAB9D}.Debug|Any CPU.Build.0 = Debug|Any CPU
		{36758947-0947-415B-AD7C-76C5F17BAB9D}.Debug|x64.ActiveCfg = Debug|Any CPU
		{36758947-0947-415B-AD7C-76C5F17BAB9D}.Debug|x64.Build.0 = Debug|Any CPU
		{36758947-0947-415B-AD7C-76C5F17BAB9D}.Debug|x86.ActiveCfg = Debug|Any CPU
		{36758947-0947-415B-AD7C-76C5F17BAB9D}.Debug|x86.Build.0 = Debug|Any CPU
		{36758947-0947-415B-AD7C-76C5F17BAB9D}.Release|Any CPU.ActiveCfg = Release|Any CPU
		{36758947-0947-415B-AD7C-76C5F17BAB9D}.Release|Any CPU.Build.0 = Release|Any CPU
		{36758947-0947-415B-AD7C-76C5F17BAB9D}.Release|x64.ActiveCfg = Release|Any CPU
		{36758947-0947-415B-AD7C-76C5F17BAB9D}.Release|x64.Build.0 = Release|Any CPU
		{36758947-0947-415B-AD7C-76C5F17BAB9D}.Release|x86.ActiveCfg = Release|Any CPU
		{36758947-0947-415B-AD7C-76C5F17BAB9D}.Release|x86.Build.0 = Release|Any CPU
		{ABE75D88-AF2F-43B3-ABC6-902FFFA206CB}.Debug|Any CPU.ActiveCfg = Debug|Any CPU
		{ABE75D88-AF2F-43B3-ABC6-902FFFA206CB}.Debug|Any CPU.Build.0 = Debug|Any CPU
		{ABE75D88-AF2F-43B3-ABC6-902FFFA206CB}.Debug|x64.ActiveCfg = Debug|Any CPU
		{ABE75D88-AF2F-43B3-ABC6-902FFFA206CB}.Debug|x64.Build.0 = Debug|Any CPU
		{ABE75D88-AF2F-43B3-ABC6-902FFFA206CB}.Debug|x86.ActiveCfg = Debug|Any CPU
		{ABE75D88-AF2F-43B3-ABC6-902FFFA206CB}.Debug|x86.Build.0 = Debug|Any CPU
		{ABE75D88-AF2F-43B3-ABC6-902FFFA206CB}.Release|Any CPU.ActiveCfg = Release|Any CPU
		{ABE75D88-AF2F-43B3-ABC6-902FFFA206CB}.Release|Any CPU.Build.0 = Release|Any CPU
		{ABE75D88-AF2F-43B3-ABC6-902FFFA206CB}.Release|x64.ActiveCfg = Release|Any CPU
		{ABE75D88-AF2F-43B3-ABC6-902FFFA206CB}.Release|x64.Build.0 = Release|Any CPU
		{ABE75D88-AF2F-43B3-ABC6-902FFFA206CB}.Release|x86.ActiveCfg = Release|Any CPU
		{ABE75D88-AF2F-43B3-ABC6-902FFFA206CB}.Release|x86.Build.0 = Release|Any CPU
		{B273097A-7BD9-443C-AB91-6981E222EAE2}.Debug|Any CPU.ActiveCfg = Debug|Any CPU
		{B273097A-7BD9-443C-AB91-6981E222EAE2}.Debug|Any CPU.Build.0 = Debug|Any CPU
		{B273097A-7BD9-443C-AB91-6981E222EAE2}.Debug|x64.ActiveCfg = Debug|Any CPU
		{B273097A-7BD9-443C-AB91-6981E222EAE2}.Debug|x64.Build.0 = Debug|Any CPU
		{B273097A-7BD9-443C-AB91-6981E222EAE2}.Debug|x86.ActiveCfg = Debug|Any CPU
		{B273097A-7BD9-443C-AB91-6981E222EAE2}.Debug|x86.Build.0 = Debug|Any CPU
		{B273097A-7BD9-443C-AB91-6981E222EAE2}.Release|Any CPU.ActiveCfg = Release|Any CPU
		{B273097A-7BD9-443C-AB91-6981E222EAE2}.Release|Any CPU.Build.0 = Release|Any CPU
		{B273097A-7BD9-443C-AB91-6981E222EAE2}.Release|x64.ActiveCfg = Release|Any CPU
		{B273097A-7BD9-443C-AB91-6981E222EAE2}.Release|x64.Build.0 = Release|Any CPU
		{B273097A-7BD9-443C-AB91-6981E222EAE2}.Release|x86.ActiveCfg = Release|Any CPU
		{B273097A-7BD9-443C-AB91-6981E222EAE2}.Release|x86.Build.0 = Release|Any CPU
		{BBC7DA35-DF49-4FAE-803F-AC4D1B4CBFD0}.Debug|Any CPU.ActiveCfg = Debug|Any CPU
		{BBC7DA35-DF49-4FAE-803F-AC4D1B4CBFD0}.Debug|Any CPU.Build.0 = Debug|Any CPU
		{BBC7DA35-DF49-4FAE-803F-AC4D1B4CBFD0}.Debug|x64.ActiveCfg = Debug|Any CPU
		{BBC7DA35-DF49-4FAE-803F-AC4D1B4CBFD0}.Debug|x64.Build.0 = Debug|Any CPU
		{BBC7DA35-DF49-4FAE-803F-AC4D1B4CBFD0}.Debug|x86.ActiveCfg = Debug|Any CPU
		{BBC7DA35-DF49-4FAE-803F-AC4D1B4CBFD0}.Debug|x86.Build.0 = Debug|Any CPU
		{BBC7DA35-DF49-4FAE-803F-AC4D1B4CBFD0}.Release|Any CPU.ActiveCfg = Release|Any CPU
		{BBC7DA35-DF49-4FAE-803F-AC4D1B4CBFD0}.Release|Any CPU.Build.0 = Release|Any CPU
		{BBC7DA35-DF49-4FAE-803F-AC4D1B4CBFD0}.Release|x64.ActiveCfg = Release|Any CPU
		{BBC7DA35-DF49-4FAE-803F-AC4D1B4CBFD0}.Release|x64.Build.0 = Release|Any CPU
		{BBC7DA35-DF49-4FAE-803F-AC4D1B4CBFD0}.Release|x86.ActiveCfg = Release|Any CPU
		{BBC7DA35-DF49-4FAE-803F-AC4D1B4CBFD0}.Release|x86.Build.0 = Release|Any CPU
		{EF77142A-207C-405B-8BE9-A0FBDCAD3ACB}.Debug|Any CPU.ActiveCfg = Debug|Any CPU
		{EF77142A-207C-405B-8BE9-A0FBDCAD3ACB}.Debug|Any CPU.Build.0 = Debug|Any CPU
		{EF77142A-207C-405B-8BE9-A0FBDCAD3ACB}.Debug|x64.ActiveCfg = Debug|Any CPU
		{EF77142A-207C-405B-8BE9-A0FBDCAD3ACB}.Debug|x64.Build.0 = Debug|Any CPU
		{EF77142A-207C-405B-8BE9-A0FBDCAD3ACB}.Debug|x86.ActiveCfg = Debug|Any CPU
		{EF77142A-207C-405B-8BE9-A0FBDCAD3ACB}.Debug|x86.Build.0 = Debug|Any CPU
		{EF77142A-207C-405B-8BE9-A0FBDCAD3ACB}.Release|Any CPU.ActiveCfg = Release|Any CPU
		{EF77142A-207C-405B-8BE9-A0FBDCAD3ACB}.Release|Any CPU.Build.0 = Release|Any CPU
		{EF77142A-207C-405B-8BE9-A0FBDCAD3ACB}.Release|x64.ActiveCfg = Release|Any CPU
		{EF77142A-207C-405B-8BE9-A0FBDCAD3ACB}.Release|x64.Build.0 = Release|Any CPU
		{EF77142A-207C-405B-8BE9-A0FBDCAD3ACB}.Release|x86.ActiveCfg = Release|Any CPU
		{EF77142A-207C-405B-8BE9-A0FBDCAD3ACB}.Release|x86.Build.0 = Release|Any CPU
		{041E6CB9-B1B2-4307-B0F6-B0EDE8AF884C}.Debug|Any CPU.ActiveCfg = Debug|Any CPU
		{041E6CB9-B1B2-4307-B0F6-B0EDE8AF884C}.Debug|Any CPU.Build.0 = Debug|Any CPU
		{041E6CB9-B1B2-4307-B0F6-B0EDE8AF884C}.Debug|x64.ActiveCfg = Debug|Any CPU
		{041E6CB9-B1B2-4307-B0F6-B0EDE8AF884C}.Debug|x64.Build.0 = Debug|Any CPU
		{041E6CB9-B1B2-4307-B0F6-B0EDE8AF884C}.Debug|x86.ActiveCfg = Debug|Any CPU
		{041E6CB9-B1B2-4307-B0F6-B0EDE8AF884C}.Debug|x86.Build.0 = Debug|Any CPU
		{041E6CB9-B1B2-4307-B0F6-B0EDE8AF884C}.Release|Any CPU.ActiveCfg = Release|Any CPU
		{041E6CB9-B1B2-4307-B0F6-B0EDE8AF884C}.Release|Any CPU.Build.0 = Release|Any CPU
		{041E6CB9-B1B2-4307-B0F6-B0EDE8AF884C}.Release|x64.ActiveCfg = Release|Any CPU
		{041E6CB9-B1B2-4307-B0F6-B0EDE8AF884C}.Release|x64.Build.0 = Release|Any CPU
		{041E6CB9-B1B2-4307-B0F6-B0EDE8AF884C}.Release|x86.ActiveCfg = Release|Any CPU
		{041E6CB9-B1B2-4307-B0F6-B0EDE8AF884C}.Release|x86.Build.0 = Release|Any CPU
		{9BB40D9B-D4DD-42E9-9F90-B1B5341E199A}.Debug|Any CPU.ActiveCfg = Debug|Any CPU
		{9BB40D9B-D4DD-42E9-9F90-B1B5341E199A}.Debug|Any CPU.Build.0 = Debug|Any CPU
		{9BB40D9B-D4DD-42E9-9F90-B1B5341E199A}.Debug|x64.ActiveCfg = Debug|Any CPU
		{9BB40D9B-D4DD-42E9-9F90-B1B5341E199A}.Debug|x64.Build.0 = Debug|Any CPU
		{9BB40D9B-D4DD-42E9-9F90-B1B5341E199A}.Debug|x86.ActiveCfg = Debug|Any CPU
		{9BB40D9B-D4DD-42E9-9F90-B1B5341E199A}.Debug|x86.Build.0 = Debug|Any CPU
		{9BB40D9B-D4DD-42E9-9F90-B1B5341E199A}.Release|Any CPU.ActiveCfg = Release|Any CPU
		{9BB40D9B-D4DD-42E9-9F90-B1B5341E199A}.Release|Any CPU.Build.0 = Release|Any CPU
		{9BB40D9B-D4DD-42E9-9F90-B1B5341E199A}.Release|x64.ActiveCfg = Release|Any CPU
		{9BB40D9B-D4DD-42E9-9F90-B1B5341E199A}.Release|x64.Build.0 = Release|Any CPU
		{9BB40D9B-D4DD-42E9-9F90-B1B5341E199A}.Release|x86.ActiveCfg = Release|Any CPU
		{9BB40D9B-D4DD-42E9-9F90-B1B5341E199A}.Release|x86.Build.0 = Release|Any CPU
		{76319ED3-8B4D-447D-9282-4F1EFD764FC9}.Debug|Any CPU.ActiveCfg = Debug|Any CPU
		{76319ED3-8B4D-447D-9282-4F1EFD764FC9}.Debug|Any CPU.Build.0 = Debug|Any CPU
		{76319ED3-8B4D-447D-9282-4F1EFD764FC9}.Debug|x64.ActiveCfg = Debug|Any CPU
		{76319ED3-8B4D-447D-9282-4F1EFD764FC9}.Debug|x64.Build.0 = Debug|Any CPU
		{76319ED3-8B4D-447D-9282-4F1EFD764FC9}.Debug|x86.ActiveCfg = Debug|Any CPU
		{76319ED3-8B4D-447D-9282-4F1EFD764FC9}.Debug|x86.Build.0 = Debug|Any CPU
		{76319ED3-8B4D-447D-9282-4F1EFD764FC9}.Release|Any CPU.ActiveCfg = Release|Any CPU
		{76319ED3-8B4D-447D-9282-4F1EFD764FC9}.Release|Any CPU.Build.0 = Release|Any CPU
		{76319ED3-8B4D-447D-9282-4F1EFD764FC9}.Release|x64.ActiveCfg = Release|Any CPU
		{76319ED3-8B4D-447D-9282-4F1EFD764FC9}.Release|x64.Build.0 = Release|Any CPU
		{76319ED3-8B4D-447D-9282-4F1EFD764FC9}.Release|x86.ActiveCfg = Release|Any CPU
		{76319ED3-8B4D-447D-9282-4F1EFD764FC9}.Release|x86.Build.0 = Release|Any CPU
	EndGlobalSection
	GlobalSection(SolutionProperties) = preSolution
		HideSolutionNode = FALSE
	EndGlobalSection
	GlobalSection(NestedProjects) = preSolution
		{09D65436-A09E-49CE-8898-A368B32D1EB8} = {E0646F15-01CD-F564-1BA1-3B06AC80F086}
		{36758947-0947-415B-AD7C-76C5F17BAB9D} = {E0646F15-01CD-F564-1BA1-3B06AC80F086}
		{ABE75D88-AF2F-43B3-ABC6-902FFFA206CB} = {E0646F15-01CD-F564-1BA1-3B06AC80F086}
		{B273097A-7BD9-443C-AB91-6981E222EAE2} = {E0646F15-01CD-F564-1BA1-3B06AC80F086}
		{BBC7DA35-DF49-4FAE-803F-AC4D1B4CBFD0} = {E0646F15-01CD-F564-1BA1-3B06AC80F086}
		{EF77142A-207C-405B-8BE9-A0FBDCAD3ACB} = {E0646F15-01CD-F564-1BA1-3B06AC80F086}
		{041E6CB9-B1B2-4307-B0F6-B0EDE8AF884C} = {827E0CD3-B72D-47B6-A68D-7590B98EB39B}
		{9BB40D9B-D4DD-42E9-9F90-B1B5341E199A} = {827E0CD3-B72D-47B6-A68D-7590B98EB39B}
		{76319ED3-8B4D-447D-9282-4F1EFD764FC9} = {827E0CD3-B72D-47B6-A68D-7590B98EB39B}
	EndGlobalSection
EndGlobal
